<?xml version="1.0" encoding="utf-8"?>
<Project ToolsVersion="4.0" xmlns="http://schemas.microsoft.com/developer/msbuild/2003">
  <ItemGroup>
    <Filter Include="源文件">
      <UniqueIdentifier>{4FC737F1-C7A5-4376-A066-2A32D752A2FF}</UniqueIdentifier>
      <Extensions>cpp;c;cc;cxx;def;odl;idl;hpj;bat;asm;asmx</Extensions>
    </Filter>
    <Filter Include="头文件">
      <UniqueIdentifier>{93995380-89BD-4b04-88EB-625FBE52EBFB}</UniqueIdentifier>
      <Extensions>h;hh;hpp;hxx;hm;inl;inc;ipp;xsd</Extensions>
    </Filter>
    <Filter Include="资源文件">
      <UniqueIdentifier>{67DA6AB6-F800-4c08-8B7A-83BB121AAD01}</UniqueIdentifier>
      <Extensions>rc;ico;cur;bmp;dlg;rc2;rct;bin;rgs;gif;jpg;jpeg;jpe;resx;tiff;tif;png;wav;mfcribbon-ms</Extensions>
    </Filter>
  </ItemGroup>
  <ItemGroup>
    <ClInclude Include="fit_curves.h">
      <Filter>头文件</Filter>
    </ClInclude>
    <ClInclude Include="function library.h">
      <Filter>头文件</Filter>
    </ClInclude>
    <ClInclude Include="GRAY_CALCULATE.h">
      <Filter>头文件</Filter>
    </ClInclude>
    <ClInclude Include="IMAGE_DEAL.h">
      <Filter>头文件</Filter>
    </ClInclude>
    <ClInclude Include="include.h">
      <Filter>头文件</Filter>
    </ClInclude>
    <ClInclude Include="initialization.h">
      <Filter>头文件</Filter>
    </ClInclude>
    <ClInclude Include="INV.h">
      <Filter>头文件</Filter>
    </ClInclude>
    <ClInclude Include="LCD12864.h">
      <Filter>头文件</Filter>
    </ClInclude>
    <ClInclude Include="Midline_Process.h">
      <Filter>头文件</Filter>
    </ClInclude>
    <ClInclude Include="MK60_conf.h">
      <Filter>头文件</Filter>
    </ClInclude>
    <ClInclude Include="MT9V032.h">
      <Filter>头文件</Filter>
    </ClInclude>
    <ClInclude Include="PIT.h">
      <Filter>头文件</Filter>
    </ClInclude>
    <ClInclude Include="PORT_cfg.h">
      <Filter>头文件</Filter>
    </ClInclude>
    <ClInclude Include="ROAD_CHECK.h">
      <Filter>头文件</Filter>
    </ClInclude>
    <ClInclude Include="Round_Deal.h">
      <Filter>头文件</Filter>
    </ClInclude>
    <ClInclude Include="SERVO_FUZZY.h">
      <Filter>头文件</Filter>
    </ClInclude>
    <ClInclude Include="steer.h">
      <Filter>头文件</Filter>
    </ClInclude>
    <ClInclude Include="Test.h">
      <Filter>头文件</Filter>
    </ClInclude>
    <ClInclude Include="BreakRoad.h">
      <Filter>头文件</Filter>
    </ClInclude>
    <ClInclude Include="CL_FUN.h">
      <Filter>头文件</Filter>
    </ClInclude>
    <ClInclude Include="common.h">
      <Filter>头文件</Filter>
    </ClInclude>
    <ClInclude Include="Cross_Deal.h">
      <Filter>头文件</Filter>
    </ClInclude>
    <ClInclude Include="Curvature.h">
      <Filter>头文件</Filter>
    </ClInclude>
    <ClInclude Include="DIRECTION.h">
      <Filter>头文件</Filter>
    </ClInclude>
    <ClInclude Include="dmpKey.h">
      <Filter>头文件</Filter>
    </ClInclude>
    <ClInclude Include="dmpmap.h">
      <Filter>头文件</Filter>
    </ClInclude>
    <ClInclude Include="ELEC.h">
      <Filter>头文件</Filter>
    </ClInclude>
    <ClInclude Include="ENGINE.h">
      <Filter>头文件</Filter>
    </ClInclude>
    <ClInclude Include="Extract_Edge.h">
      <Filter>头文件</Filter>
    </ClInclude>
    <ClInclude Include="Feature_Extration.h">
      <Filter>头文件</Filter>
    </ClInclude>
  </ItemGroup>
  <ItemGroup>
    <ClCompile Include="BreakRoad.c">
      <Filter>源文件</Filter>
    </ClCompile>
    <ClCompile Include="CL_FUN.c">
      <Filter>源文件</Filter>
    </ClCompile>
    <ClCompile Include="Cross_Deal.c">
      <Filter>源文件</Filter>
    </ClCompile>
    <ClCompile Include="Curvature.c">
      <Filter>源文件</Filter>
    </ClCompile>
    <ClCompile Include="DIRECTION.c">
      <Filter>源文件</Filter>
    </ClCompile>
    <ClCompile Include="ELEC.c">
      <Filter>源文件</Filter>
    </ClCompile>
    <ClCompile Include="ENGINE.c">
      <Filter>源文件</Filter>
    </ClCompile>
    <ClCompile Include="Extract_Edge.c">
      <Filter>源文件</Filter>
    </ClCompile>
    <ClCompile Include="Feature_Extration.c">
      <Filter>源文件</Filter>
    </ClCompile>
    <ClCompile Include="fit_curves.c">
      <Filter>源文件</Filter>
    </ClCompile>
    <ClCompile Include="function library.c">
      <Filter>源文件</Filter>
    </ClCompile>
    <ClCompile Include="GRAY_CALCULATE.c">
      <Filter>源文件</Filter>
    </ClCompile>
    <ClCompile Include="IMAGE_DEAL.c">
      <Filter>源文件</Filter>
    </ClCompile>
    <ClCompile Include="initialization.c">
      <Filter>源文件</Filter>
    </ClCompile>
    <ClCompile Include="INV.c">
      <Filter>源文件</Filter>
    </ClCompile>
    <ClCompile Include="main.c">
      <Filter>源文件</Filter>
    </ClCompile>
    <ClCompile Include="LCD12864.c">
      <Filter>源文件</Filter>
    </ClCompile>
    <ClCompile Include="Midline_Process.c">
      <Filter>源文件</Filter>
    </ClCompile>
    <ClCompile Include="MK60_conf.c">
      <Filter>源文件</Filter>
    </ClCompile>
    <ClCompile Include="MT9V032.c">
      <Filter>源文件</Filter>
    </ClCompile>
    <ClCompile Include="PIT.c">
      <Filter>源文件</Filter>
    </ClCompile>
    <ClCompile Include="ROAD_CHECK.c">
      <Filter>源文件</Filter>
    </ClCompile>
    <ClCompile Include="Round_Deal.c">
      <Filter>源文件</Filter>
    </ClCompile>
    <ClCompile Include="SERVO_FUZZY.c">
      <Filter>源文件</Filter>
    </ClCompile>
    <ClCompile Include="steer.c">
      <Filter>源文件</Filter>
    </ClCompile>
    <ClCompile Include="Test.c">
      <Filter>源文件</Filter>
    </ClCompile>
  </ItemGroup>
</Project>